
Microsoft Visual Studio Solution File, Format Version 12.00
# Visual Studio Version 16
VisualStudioVersion = 16.0.31205.134
MinimumVisualStudioVersion = 10.0.40219.1
Project("{FAE04EC0-301F-11D3-BF4B-00C04F79EFBC}") = "Komplex_Beadando", "Komplex_Beadando\Komplex_Beadando.csproj", "{2AFBC1AB-7DF0-46A9-BCAF-04217E5B6020}"
EndProject
Global
	GlobalSection(SolutionConfigurationPlatforms) = preSolution
		Debug|Any CPU = Debug|Any CPU
		Release|Any CPU = Release|Any CPU
	EndGlobalSection
	GlobalSection(ProjectConfigurationPlatforms) = postSolution
		{2AFBC1AB-7DF0-46A9-BCAF-04217E5B6020}.Debug|Any CPU.ActiveCfg = Debug|Any CPU
		{2AFBC1AB-7DF0-46A9-BCAF-04217E5B6020}.Debug|Any CPU.Build.0 = Debug|Any CPU
		{2AFBC1AB-7DF0-46A9-BCAF-04217E5B6020}.Release|Any CPU.ActiveCfg = Release|Any CPU
		{2AFBC1AB-7DF0-46A9-BCAF-04217E5B6020}.Release|Any CPU.Build.0 = Release|Any CPU
	EndGlobalSection
	GlobalSection(SolutionProperties) = preSolution
		HideSolutionNode = FALSE
	EndGlobalSection
	GlobalSection(ExtensibilityGlobals) = postSolution
		SolutionGuid = {67DB6B1E-8B99-4F2F-9905-787CE9FACC1B}
	EndGlobalSection
EndGlobal
